
Microsoft Visual Studio Solution File, Format Version 12.00
# Visual Studio Version 17
VisualStudioVersion = 17.11.35431.28
MinimumVisualStudioVersion = 10.0.40219.1
Project("{FAE04EC0-301F-11D3-BF4B-00C04F79EFBC}") = "WebApplication1", "WebApplication1\WebApplication1.csproj", "{A8A77CB2-753D-40F4-B5EC-CAA58C1CC522}"
EndProject
Global
	GlobalSection(SolutionConfigurationPlatforms) = preSolution
		Debug|Any CPU = Debug|Any CPU
		Release|Any CPU = Release|Any CPU
	EndGlobalSection
	GlobalSection(ProjectConfigurationPlatforms) = postSolution
		{A8A77CB2-753D-40F4-B5EC-CAA58C1CC522}.Debug|Any CPU.ActiveCfg = Debug|Any CPU
		{A8A77CB2-753D-40F4-B5EC-CAA58C1CC522}.Debug|Any CPU.Build.0 = Debug|Any CPU
		{A8A77CB2-753D-40F4-B5EC-CAA58C1CC522}.Release|Any CPU.ActiveCfg = Release|Any CPU
		{A8A77CB2-753D-40F4-B5EC-CAA58C1CC522}.Release|Any CPU.Build.0 = Release|Any CPU
	EndGlobalSection
	GlobalSection(SolutionProperties) = preSolution
		HideSolutionNode = FALSE
	EndGlobalSection
	GlobalSection(ExtensibilityGlobals) = postSolution
		SolutionGuid = {8C953146-CBBB-4B7F-B22A-96965D9C6222}
	EndGlobalSection
EndGlobal
